
Microsoft Visual Studio Solution File, Format Version 12.00
# Visual Studio Version 16
VisualStudioVersion = 16.0.29009.5
MinimumVisualStudioVersion = 10.0.40219.1
Project("{FAE04EC0-301F-11D3-BF4B-00C04F79EFBC}") = "Timesheet", "Timesheet.csproj", "{AC9FAD8B-B635-499A-A333-A3AF3F140175}"
EndProject
Global
	GlobalSection(SolutionConfigurationPlatforms) = preSolution
		Debug|Any CPU = Debug|Any CPU
		Release|Any CPU = Release|Any CPU
	EndGlobalSection
	GlobalSection(ProjectConfigurationPlatforms) = postSolution
		{AC9FAD8B-B635-499A-A333-A3AF3F140175}.Debug|Any CPU.ActiveCfg = Debug|Any CPU
		{AC9FAD8B-B635-499A-A333-A3AF3F140175}.Debug|Any CPU.Build.0 = Debug|Any CPU
		{AC9FAD8B-B635-499A-A333-A3AF3F140175}.Release|Any CPU.ActiveCfg = Release|Any CPU
		{AC9FAD8B-B635-499A-A333-A3AF3F140175}.Release|Any CPU.Build.0 = Release|Any CPU
	EndGlobalSection
	GlobalSection(SolutionProperties) = preSolution
		HideSolutionNode = FALSE
	EndGlobalSection
	GlobalSection(ExtensibilityGlobals) = postSolution
		SolutionGuid = {AE541B48-E639-4734-8743-5C8174D3D188}
	EndGlobalSection
EndGlobal
